
Microsoft Visual Studio Solution File, Format Version 11.00
# Visual Studio 2010
Project("{FAE04EC0-301F-11D3-BF4B-00C04F79EFBC}") = "MvpMaster.Common", "MvpMaster\MvpMaster.Common.csproj", "{00125AEC-9230-4E3E-9814-E11BFA0511CB}"
EndProject
Project("{FAE04EC0-301F-11D3-BF4B-00C04F79EFBC}") = "MvpMaster.Tests", "MvpMaster.Tests\MvpMaster.Tests.csproj", "{BC831D83-DCD1-4271-8658-19F0959ED724}"
EndProject
Project("{FAE04EC0-301F-11D3-BF4B-00C04F79EFBC}") = "MvpMaster.WinForms", "MvpMaster.WinForms\MvpMaster.WinForms.csproj", "{8F623047-5C3E-4DEB-A228-268B3311CFD5}"
EndProject
Project("{FAE04EC0-301F-11D3-BF4B-00C04F79EFBC}") = "Demo.WinForms", "Demo.WinForms\Demo.WinForms.csproj", "{80D6A518-10A0-45B9-8D72-4CEDC0F5CEC9}"
EndProject
Global
	GlobalSection(SolutionConfigurationPlatforms) = preSolution
		Debug|Any CPU = Debug|Any CPU
		Debug|Mixed Platforms = Debug|Mixed Platforms
		Debug|x86 = Debug|x86
		Release|Any CPU = Release|Any CPU
		Release|Mixed Platforms = Release|Mixed Platforms
		Release|x86 = Release|x86
	EndGlobalSection
	GlobalSection(ProjectConfigurationPlatforms) = postSolution
		{00125AEC-9230-4E3E-9814-E11BFA0511CB}.Debug|Any CPU.ActiveCfg = Debug|Any CPU
		{00125AEC-9230-4E3E-9814-E11BFA0511CB}.Debug|Any CPU.Build.0 = Debug|Any CPU
		{00125AEC-9230-4E3E-9814-E11BFA0511CB}.Debug|Mixed Platforms.ActiveCfg = Debug|Any CPU
		{00125AEC-9230-4E3E-9814-E11BFA0511CB}.Debug|Mixed Platforms.Build.0 = Debug|Any CPU
		{00125AEC-9230-4E3E-9814-E11BFA0511CB}.Debug|x86.ActiveCfg = Debug|Any CPU
		{00125AEC-9230-4E3E-9814-E11BFA0511CB}.Release|Any CPU.ActiveCfg = Release|Any CPU
		{00125AEC-9230-4E3E-9814-E11BFA0511CB}.Release|Any CPU.Build.0 = Release|Any CPU
		{00125AEC-9230-4E3E-9814-E11BFA0511CB}.Release|Mixed Platforms.ActiveCfg = Release|Any CPU
		{00125AEC-9230-4E3E-9814-E11BFA0511CB}.Release|Mixed Platforms.Build.0 = Release|Any CPU
		{00125AEC-9230-4E3E-9814-E11BFA0511CB}.Release|x86.ActiveCfg = Release|Any CPU
		{BC831D83-DCD1-4271-8658-19F0959ED724}.Debug|Any CPU.ActiveCfg = Debug|Any CPU
		{BC831D83-DCD1-4271-8658-19F0959ED724}.Debug|Any CPU.Build.0 = Debug|Any CPU
		{BC831D83-DCD1-4271-8658-19F0959ED724}.Debug|Mixed Platforms.ActiveCfg = Debug|Any CPU
		{BC831D83-DCD1-4271-8658-19F0959ED724}.Debug|Mixed Platforms.Build.0 = Debug|Any CPU
		{BC831D83-DCD1-4271-8658-19F0959ED724}.Debug|x86.ActiveCfg = Debug|Any CPU
		{BC831D83-DCD1-4271-8658-19F0959ED724}.Release|Any CPU.ActiveCfg = Release|Any CPU
		{BC831D83-DCD1-4271-8658-19F0959ED724}.Release|Any CPU.Build.0 = Release|Any CPU
		{BC831D83-DCD1-4271-8658-19F0959ED724}.Release|Mixed Platforms.ActiveCfg = Release|Any CPU
		{BC831D83-DCD1-4271-8658-19F0959ED724}.Release|Mixed Platforms.Build.0 = Release|Any CPU
		{BC831D83-DCD1-4271-8658-19F0959ED724}.Release|x86.ActiveCfg = Release|Any CPU
		{8F623047-5C3E-4DEB-A228-268B3311CFD5}.Debug|Any CPU.ActiveCfg = Debug|Any CPU
		{8F623047-5C3E-4DEB-A228-268B3311CFD5}.Debug|Any CPU.Build.0 = Debug|Any CPU
		{8F623047-5C3E-4DEB-A228-268B3311CFD5}.Debug|Mixed Platforms.ActiveCfg = Debug|Any CPU
		{8F623047-5C3E-4DEB-A228-268B3311CFD5}.Debug|Mixed Platforms.Build.0 = Debug|Any CPU
		{8F623047-5C3E-4DEB-A228-268B3311CFD5}.Debug|x86.ActiveCfg = Debug|Any CPU
		{8F623047-5C3E-4DEB-A228-268B3311CFD5}.Release|Any CPU.ActiveCfg = Release|Any CPU
		{8F623047-5C3E-4DEB-A228-268B3311CFD5}.Release|Any CPU.Build.0 = Release|Any CPU
		{8F623047-5C3E-4DEB-A228-268B3311CFD5}.Release|Mixed Platforms.ActiveCfg = Release|Any CPU
		{8F623047-5C3E-4DEB-A228-268B3311CFD5}.Release|Mixed Platforms.Build.0 = Release|Any CPU
		{8F623047-5C3E-4DEB-A228-268B3311CFD5}.Release|x86.ActiveCfg = Release|Any CPU
		{80D6A518-10A0-45B9-8D72-4CEDC0F5CEC9}.Debug|Any CPU.ActiveCfg = Debug|x86
		{80D6A518-10A0-45B9-8D72-4CEDC0F5CEC9}.Debug|Mixed Platforms.ActiveCfg = Debug|x86
		{80D6A518-10A0-45B9-8D72-4CEDC0F5CEC9}.Debug|Mixed Platforms.Build.0 = Debug|x86
		{80D6A518-10A0-45B9-8D72-4CEDC0F5CEC9}.Debug|x86.ActiveCfg = Debug|x86
		{80D6A518-10A0-45B9-8D72-4CEDC0F5CEC9}.Debug|x86.Build.0 = Debug|x86
		{80D6A518-10A0-45B9-8D72-4CEDC0F5CEC9}.Release|Any CPU.ActiveCfg = Release|x86
		{80D6A518-10A0-45B9-8D72-4CEDC0F5CEC9}.Release|Mixed Platforms.ActiveCfg = Release|x86
		{80D6A518-10A0-45B9-8D72-4CEDC0F5CEC9}.Release|Mixed Platforms.Build.0 = Release|x86
		{80D6A518-10A0-45B9-8D72-4CEDC0F5CEC9}.Release|x86.ActiveCfg = Release|x86
		{80D6A518-10A0-45B9-8D72-4CEDC0F5CEC9}.Release|x86.Build.0 = Release|x86
	EndGlobalSection
	GlobalSection(SolutionProperties) = preSolution
		HideSolutionNode = FALSE
	EndGlobalSection
	GlobalSection(MonoDevelopProperties) = preSolution
		StartupItem = MvpMaster\MvpMaster.Common.csproj
		Policies = $0
		$0.DotNetNamingPolicy = $1
		$1.DirectoryNamespaceAssociation = PrefixedHierarchical
		$1.ResourceNamePolicy = FileFormatDefault
	EndGlobalSection
EndGlobal
